
Microsoft Visual Studio Solution File, Format Version 12.00
# Visual Studio Version 17
VisualStudioVersion = 17.11.35327.3
MinimumVisualStudioVersion = 10.0.40219.1
Project("{FAE04EC0-301F-11D3-BF4B-00C04F79EFBC}") = "WpfApp3", "WpfApp3\WpfApp3.csproj", "{8CEB0B85-7F2D-4258-A7ED-0A4115A28BCF}"
EndProject
Global
	GlobalSection(SolutionConfigurationPlatforms) = preSolution
		Debug|Any CPU = Debug|Any CPU
		Release|Any CPU = Release|Any CPU
	EndGlobalSection
	GlobalSection(ProjectConfigurationPlatforms) = postSolution
		{8CEB0B85-7F2D-4258-A7ED-0A4115A28BCF}.Debug|Any CPU.ActiveCfg = Debug|Any CPU
		{8CEB0B85-7F2D-4258-A7ED-0A4115A28BCF}.Debug|Any CPU.Build.0 = Debug|Any CPU
		{8CEB0B85-7F2D-4258-A7ED-0A4115A28BCF}.Release|Any CPU.ActiveCfg = Release|Any CPU
		{8CEB0B85-7F2D-4258-A7ED-0A4115A28BCF}.Release|Any CPU.Build.0 = Release|Any CPU
	EndGlobalSection
	GlobalSection(SolutionProperties) = preSolution
		HideSolutionNode = FALSE
	EndGlobalSection
	GlobalSection(ExtensibilityGlobals) = postSolution
		SolutionGuid = {8491D707-B90F-4B4A-BDB6-D2C79E5F1151}
	EndGlobalSection
EndGlobal
