
Microsoft Visual Studio Solution File, Format Version 12.00
# Visual Studio Version 17
VisualStudioVersion = 17.11.35327.3
MinimumVisualStudioVersion = 10.0.40219.1
Project("{FAE04EC0-301F-11D3-BF4B-00C04F79EFBC}") = "WPFApp", "WPFApp\WPFApp.csproj", "{9DC88037-0128-499B-B056-20E9383C25F9}"
EndProject
Global
	GlobalSection(SolutionConfigurationPlatforms) = preSolution
		Debug|Any CPU = Debug|Any CPU
		Release|Any CPU = Release|Any CPU
	EndGlobalSection
	GlobalSection(ProjectConfigurationPlatforms) = postSolution
		{9DC88037-0128-499B-B056-20E9383C25F9}.Debug|Any CPU.ActiveCfg = Debug|Any CPU
		{9DC88037-0128-499B-B056-20E9383C25F9}.Debug|Any CPU.Build.0 = Debug|Any CPU
		{9DC88037-0128-499B-B056-20E9383C25F9}.Release|Any CPU.ActiveCfg = Release|Any CPU
		{9DC88037-0128-499B-B056-20E9383C25F9}.Release|Any CPU.Build.0 = Release|Any CPU
	EndGlobalSection
	GlobalSection(SolutionProperties) = preSolution
		HideSolutionNode = FALSE
	EndGlobalSection
	GlobalSection(ExtensibilityGlobals) = postSolution
		SolutionGuid = {6A372FA9-32BF-4EAE-B699-35D2B5A0340E}
	EndGlobalSection
EndGlobal
